
Microsoft Visual Studio Solution File, Format Version 12.00
# Visual Studio Version 16
VisualStudioVersion = 16.0.30907.101
MinimumVisualStudioVersion = 10.0.40219.1
Project("{FAE04EC0-301F-11D3-BF4B-00C04F79EFBC}") = "RPG", "RPG.csproj", "{11C441BB-0608-49B4-B079-63F1CF7D6690}"
EndProject
Global
	GlobalSection(SolutionConfigurationPlatforms) = preSolution
		Debug|Any CPU = Debug|Any CPU
		Release|Any CPU = Release|Any CPU
	EndGlobalSection
	GlobalSection(ProjectConfigurationPlatforms) = postSolution
		{11C441BB-0608-49B4-B079-63F1CF7D6690}.Debug|Any CPU.ActiveCfg = Debug|Any CPU
		{11C441BB-0608-49B4-B079-63F1CF7D6690}.Debug|Any CPU.Build.0 = Debug|Any CPU
		{11C441BB-0608-49B4-B079-63F1CF7D6690}.Release|Any CPU.ActiveCfg = Release|Any CPU
		{11C441BB-0608-49B4-B079-63F1CF7D6690}.Release|Any CPU.Build.0 = Release|Any CPU
	EndGlobalSection
	GlobalSection(SolutionProperties) = preSolution
		HideSolutionNode = FALSE
	EndGlobalSection
	GlobalSection(ExtensibilityGlobals) = postSolution
		SolutionGuid = {919A073B-8630-4B27-8474-6B35DC0C425A}
	EndGlobalSection
EndGlobal
